
Microsoft Visual Studio Solution File, Format Version 12.00
# Visual Studio 15
VisualStudioVersion = 15.0.27130.2010
MinimumVisualStudioVersion = 10.0.40219.1
Project("{9A19103F-16F7-4668-BE54-9A1E7A4F7556}") = "EagleEye.Extractor", "EagleEye.Extractor\EagleEye.Extractor.csproj", "{137D62CC-EF5D-4673-8FDF-411E90A75E8C}"
EndProject
Project("{9A19103F-16F7-4668-BE54-9A1E7A4F7556}") = "EagleEye.Extractor.Tests", "EagleEye.Extractor.Tests\EagleEye.Extractor.Tests.csproj", "{97E6771B-667A-44D7-AF4B-DF4745B01B48}"
EndProject
Project("{9A19103F-16F7-4668-BE54-9A1E7A4F7556}") = "EagleEye.Extractor.Console", "EagleEye.Extractor.Console\EagleEye.Extractor.Console.csproj", "{79048BA4-4773-41FE-9D79-0CF3E80A3468}"
EndProject
Project("{888888A0-9F3D-457C-B088-3A5042F75D52}") = "EagleEye.Captcha", "EagleEye.Captcha\EagleEye.Captcha.pyproj", "{60AC86E6-2B55-44F9-A0AA-A3CAA9258122}"
EndProject
Project("{9A19103F-16F7-4668-BE54-9A1E7A4F7556}") = "EagleEye.Captcha.Net.Console", "EagleEye.Captcha.Net.Console\EagleEye.Captcha.Net.Console.csproj", "{7D90E6D9-0FF9-4179-AA3D-C0A2CE25D164}"
EndProject
Project("{9A19103F-16F7-4668-BE54-9A1E7A4F7556}") = "EagleEye.Extractor.Job", "EagleEye.Extractor.Job\EagleEye.Extractor.Job.csproj", "{E4FE775E-134A-4EC3-BDD4-FDC2F92E5ECD}"
EndProject
Project("{9A19103F-16F7-4668-BE54-9A1E7A4F7556}") = "EagleEye.Api", "EagleEye.Api\EagleEye.Api.csproj", "{8BD5BD59-24B2-4513-9817-8385EDB3B5CD}"
EndProject
Project("{9A19103F-16F7-4668-BE54-9A1E7A4F7556}") = "EagleEye.Models", "EagleEye.Models\EagleEye.Models.csproj", "{055AEFED-7444-44C0-AA51-C0A827A01514}"
EndProject
Global
	GlobalSection(SolutionConfigurationPlatforms) = preSolution
		Debug|Any CPU = Debug|Any CPU
		Release|Any CPU = Release|Any CPU
	EndGlobalSection
	GlobalSection(ProjectConfigurationPlatforms) = postSolution
		{137D62CC-EF5D-4673-8FDF-411E90A75E8C}.Debug|Any CPU.ActiveCfg = Debug|Any CPU
		{137D62CC-EF5D-4673-8FDF-411E90A75E8C}.Debug|Any CPU.Build.0 = Debug|Any CPU
		{137D62CC-EF5D-4673-8FDF-411E90A75E8C}.Release|Any CPU.ActiveCfg = Release|Any CPU
		{137D62CC-EF5D-4673-8FDF-411E90A75E8C}.Release|Any CPU.Build.0 = Release|Any CPU
		{97E6771B-667A-44D7-AF4B-DF4745B01B48}.Debug|Any CPU.ActiveCfg = Debug|Any CPU
		{97E6771B-667A-44D7-AF4B-DF4745B01B48}.Debug|Any CPU.Build.0 = Debug|Any CPU
		{97E6771B-667A-44D7-AF4B-DF4745B01B48}.Release|Any CPU.ActiveCfg = Release|Any CPU
		{97E6771B-667A-44D7-AF4B-DF4745B01B48}.Release|Any CPU.Build.0 = Release|Any CPU
		{79048BA4-4773-41FE-9D79-0CF3E80A3468}.Debug|Any CPU.ActiveCfg = Debug|Any CPU
		{79048BA4-4773-41FE-9D79-0CF3E80A3468}.Debug|Any CPU.Build.0 = Debug|Any CPU
		{79048BA4-4773-41FE-9D79-0CF3E80A3468}.Release|Any CPU.ActiveCfg = Release|Any CPU
		{79048BA4-4773-41FE-9D79-0CF3E80A3468}.Release|Any CPU.Build.0 = Release|Any CPU
		{60AC86E6-2B55-44F9-A0AA-A3CAA9258122}.Debug|Any CPU.ActiveCfg = Debug|Any CPU
		{60AC86E6-2B55-44F9-A0AA-A3CAA9258122}.Release|Any CPU.ActiveCfg = Release|Any CPU
		{7D90E6D9-0FF9-4179-AA3D-C0A2CE25D164}.Debug|Any CPU.ActiveCfg = Debug|Any CPU
		{7D90E6D9-0FF9-4179-AA3D-C0A2CE25D164}.Debug|Any CPU.Build.0 = Debug|Any CPU
		{7D90E6D9-0FF9-4179-AA3D-C0A2CE25D164}.Release|Any CPU.ActiveCfg = Release|Any CPU
		{7D90E6D9-0FF9-4179-AA3D-C0A2CE25D164}.Release|Any CPU.Build.0 = Release|Any CPU
		{E4FE775E-134A-4EC3-BDD4-FDC2F92E5ECD}.Debug|Any CPU.ActiveCfg = Debug|Any CPU
		{E4FE775E-134A-4EC3-BDD4-FDC2F92E5ECD}.Debug|Any CPU.Build.0 = Debug|Any CPU
		{E4FE775E-134A-4EC3-BDD4-FDC2F92E5ECD}.Release|Any CPU.ActiveCfg = Release|Any CPU
		{E4FE775E-134A-4EC3-BDD4-FDC2F92E5ECD}.Release|Any CPU.Build.0 = Release|Any CPU
		{8BD5BD59-24B2-4513-9817-8385EDB3B5CD}.Debug|Any CPU.ActiveCfg = Debug|Any CPU
		{8BD5BD59-24B2-4513-9817-8385EDB3B5CD}.Debug|Any CPU.Build.0 = Debug|Any CPU
		{8BD5BD59-24B2-4513-9817-8385EDB3B5CD}.Release|Any CPU.ActiveCfg = Release|Any CPU
		{8BD5BD59-24B2-4513-9817-8385EDB3B5CD}.Release|Any CPU.Build.0 = Release|Any CPU
		{055AEFED-7444-44C0-AA51-C0A827A01514}.Debug|Any CPU.ActiveCfg = Debug|Any CPU
		{055AEFED-7444-44C0-AA51-C0A827A01514}.Debug|Any CPU.Build.0 = Debug|Any CPU
		{055AEFED-7444-44C0-AA51-C0A827A01514}.Release|Any CPU.ActiveCfg = Release|Any CPU
		{055AEFED-7444-44C0-AA51-C0A827A01514}.Release|Any CPU.Build.0 = Release|Any CPU
	EndGlobalSection
	GlobalSection(SolutionProperties) = preSolution
		HideSolutionNode = FALSE
	EndGlobalSection
	GlobalSection(ExtensibilityGlobals) = postSolution
		SolutionGuid = {5F2028B1-15DB-4F30-B8AA-80429B494175}
	EndGlobalSection
EndGlobal
